
Microsoft Visual Studio Solution File, Format Version 12.00
# Visual Studio Version 17
VisualStudioVersion = 17.1.32210.238
MinimumVisualStudioVersion = 10.0.40219.1
Project("{FAE04EC0-301F-11D3-BF4B-00C04F79EFBC}") = "Motorycle Configuration", "Lecture_13\Motorycle Configuration.csproj", "{6A64DCCD-1C04-4CBB-A328-ACC92F1B3305}"
EndProject
Global
	GlobalSection(SolutionConfigurationPlatforms) = preSolution
		Debug|Any CPU = Debug|Any CPU
		Release|Any CPU = Release|Any CPU
	EndGlobalSection
	GlobalSection(ProjectConfigurationPlatforms) = postSolution
		{6A64DCCD-1C04-4CBB-A328-ACC92F1B3305}.Debug|Any CPU.ActiveCfg = Debug|Any CPU
		{6A64DCCD-1C04-4CBB-A328-ACC92F1B3305}.Debug|Any CPU.Build.0 = Debug|Any CPU
		{6A64DCCD-1C04-4CBB-A328-ACC92F1B3305}.Release|Any CPU.ActiveCfg = Release|Any CPU
		{6A64DCCD-1C04-4CBB-A328-ACC92F1B3305}.Release|Any CPU.Build.0 = Release|Any CPU
	EndGlobalSection
	GlobalSection(SolutionProperties) = preSolution
		HideSolutionNode = FALSE
	EndGlobalSection
	GlobalSection(ExtensibilityGlobals) = postSolution
		SolutionGuid = {208FF1FD-F55A-4E8E-B8D3-FE1E9CA3EEF2}
	EndGlobalSection
EndGlobal
